Microsoft Visual Studio Solution File, Format Version 12.00
# Visual Studio Version 17
VisualStudioVersion = 17.1.32228.430
MinimumVisualStudioVersion = 10.0.40219.1
Project("{9A19103F-16F7-4668-BE54-9A1E7A4F7556}") = "Revit.ES.Extension", "Revit.ES.Extension\Revit.ES.Extension.csproj", "{2DEF625F-1B50-4AC3-8364-999F1861D471}"
EndProject
Project("{2150E333-8FDC-42A3-9474-1A3956D46DE8}") = "Solution Items", "Solution Items", "{8AA539A7-7621-4F19-A449-E82AEE79BCD4}"
	ProjectSection(SolutionItems) = preProject
		README.md = README.md
	EndProjectSection
EndProject
Project("{FAE04EC0-301F-11D3-BF4B-00C04F79EFBC}") = "Revit.ES.Extension.TestCommand", "Revit.ES.ExtensionTestCommand\Revit.ES.Extension.TestCommand.csproj", "{0949DEBE-12E7-4C38-9432-06490E022F86}"
EndProject
Global
	GlobalSection(SolutionConfigurationPlatforms) = preSolution
		Debug 2019|Any CPU = Debug 2019|Any CPU
		Debug 2019|x64 = Debug 2019|x64
		Debug 2020|Any CPU = Debug 2020|Any CPU
		Debug 2020|x64 = Debug 2020|x64
		Debug 2021|Any CPU = Debug 2021|Any CPU
		Debug 2021|x64 = Debug 2021|x64
		Debug 2022|Any CPU = Debug 2022|Any CPU
		Debug 2022|x64 = Debug 2022|x64
		Debug 2023|Any CPU = Debug 2023|Any CPU
		Debug 2023|x64 = Debug 2023|x64
		Release 2019|Any CPU = Release 2019|Any CPU
		Release 2019|x64 = Release 2019|x64
		Release 2020|Any CPU = Release 2020|Any CPU
		Release 2020|x64 = Release 2020|x64
		Release 2021|Any CPU = Release 2021|Any CPU
		Release 2021|x64 = Release 2021|x64
		Release 2022|Any CPU = Release 2022|Any CPU
		Release 2022|x64 = Release 2022|x64
		Release 2023|Any CPU = Release 2023|Any CPU
		Release 2023|x64 = Release 2023|x64
	EndGlobalSection
	GlobalSection(ProjectConfigurationPlatforms) = postSolution
		{2DEF625F-1B50-4AC3-8364-999F1861D471}.Debug 2019|Any CPU.ActiveCfg = DEBUG 2019|x64
		{2DEF625F-1B50-4AC3-8364-999F1861D471}.Debug 2019|Any CPU.Build.0 = DEBUG 2019|x64
		{2DEF625F-1B50-4AC3-8364-999F1861D471}.Debug 2019|x64.ActiveCfg = DEBUG 2019|x64
		{2DEF625F-1B50-4AC3-8364-999F1861D471}.Debug 2019|x64.Build.0 = DEBUG 2019|x64
		{2DEF625F-1B50-4AC3-8364-999F1861D471}.Debug 2020|Any CPU.ActiveCfg = DEBUG 2020|x64
		{2DEF625F-1B50-4AC3-8364-999F1861D471}.Debug 2020|Any CPU.Build.0 = DEBUG 2020|x64
		{2DEF625F-1B50-4AC3-8364-999F1861D471}.Debug 2020|x64.ActiveCfg = DEBUG 2020|x64
		{2DEF625F-1B50-4AC3-8364-999F1861D471}.Debug 2020|x64.Build.0 = DEBUG 2020|x64
		{2DEF625F-1B50-4AC3-8364-999F1861D471}.Debug 2021|Any CPU.ActiveCfg = DEBUG 2021|x64
		{2DEF625F-1B50-4AC3-8364-999F1861D471}.Debug 2021|Any CPU.Build.0 = DEBUG 2021|x64
		{2DEF625F-1B50-4AC3-8364-999F1861D471}.Debug 2021|x64.ActiveCfg = DEBUG 2021|x64
		{2DEF625F-1B50-4AC3-8364-999F1861D471}.Debug 2021|x64.Build.0 = DEBUG 2021|x64
		{2DEF625F-1B50-4AC3-8364-999F1861D471}.Debug 2022|Any CPU.ActiveCfg = DEBUG 2022|x64
		{2DEF625F-1B50-4AC3-8364-999F1861D471}.Debug 2022|Any CPU.Build.0 = DEBUG 2022|x64
		{2DEF625F-1B50-4AC3-8364-999F1861D471}.Debug 2022|x64.ActiveCfg = DEBUG 2022|x64
		{2DEF625F-1B50-4AC3-8364-999F1861D471}.Debug 2022|x64.Build.0 = DEBUG 2022|x64
		{2DEF625F-1B50-4AC3-8364-999F1861D471}.Debug 2023|Any CPU.ActiveCfg = DEBUG 2023|x64
		{2DEF625F-1B50-4AC3-8364-999F1861D471}.Debug 2023|Any CPU.Build.0 = DEBUG 2023|x64
		{2DEF625F-1B50-4AC3-8364-999F1861D471}.Debug 2023|x64.ActiveCfg = DEBUG 2023|x64
		{2DEF625F-1B50-4AC3-8364-999F1861D471}.Debug 2023|x64.Build.0 = DEBUG 2023|x64
		{2DEF625F-1B50-4AC3-8364-999F1861D471}.Release 2019|Any CPU.ActiveCfg = RELEASE 2019|x64
		{2DEF625F-1B50-4AC3-8364-999F1861D471}.Release 2019|Any CPU.Build.0 = RELEASE 2019|x64
		{2DEF625F-1B50-4AC3-8364-999F1861D471}.Release 2019|x64.ActiveCfg = RELEASE 2019|x64
		{2DEF625F-1B50-4AC3-8364-999F1861D471}.Release 2019|x64.Build.0 = RELEASE 2019|x64
		{2DEF625F-1B50-4AC3-8364-999F1861D471}.Release 2020|Any CPU.ActiveCfg = RELEASE 2020|x64
		{2DEF625F-1B50-4AC3-8364-999F1861D471}.Release 2020|Any CPU.Build.0 = RELEASE 2020|x64
		{2DEF625F-1B50-4AC3-8364-999F1861D471}.Release 2020|x64.ActiveCfg = RELEASE 2020|x64
		{2DEF625F-1B50-4AC3-8364-999F1861D471}.Release 2020|x64.Build.0 = RELEASE 2020|x64
		{2DEF625F-1B50-4AC3-8364-999F1861D471}.Release 2021|Any CPU.ActiveCfg = RELEASE 2021|x64
		{2DEF625F-1B50-4AC3-8364-999F1861D471}.Release 2021|Any CPU.Build.0 = RELEASE 2021|x64
		{2DEF625F-1B50-4AC3-8364-999F1861D471}.Release 2021|x64.ActiveCfg = RELEASE 2021|x64
		{2DEF625F-1B50-4AC3-8364-999F1861D471}.Release 2021|x64.Build.0 = RELEASE 2021|x64
		{2DEF625F-1B50-4AC3-8364-999F1861D471}.Release 2022|Any CPU.ActiveCfg = RELEASE 2022|x64
		{2DEF625F-1B50-4AC3-8364-999F1861D471}.Release 2022|Any CPU.Build.0 = RELEASE 2022|x64
		{2DEF625F-1B50-4AC3-8364-999F1861D471}.Release 2022|x64.ActiveCfg = RELEASE 2022|x64
		{2DEF625F-1B50-4AC3-8364-999F1861D471}.Release 2022|x64.Build.0 = RELEASE 2022|x64
		{2DEF625F-1B50-4AC3-8364-999F1861D471}.Release 2023|Any CPU.ActiveCfg = RELEASE 2023|x64
		{2DEF625F-1B50-4AC3-8364-999F1861D471}.Release 2023|Any CPU.Build.0 = RELEASE 2023|x64
		{2DEF625F-1B50-4AC3-8364-999F1861D471}.Release 2023|x64.ActiveCfg = RELEASE 2023|x64
		{2DEF625F-1B50-4AC3-8364-999F1861D471}.Release 2023|x64.Build.0 = RELEASE 2023|x64
		{0949DEBE-12E7-4C38-9432-06490E022F86}.Debug 2019|Any CPU.ActiveCfg = 2019|x64
		{0949DEBE-12E7-4C38-9432-06490E022F86}.Debug 2019|Any CPU.Build.0 = 2019|x64
		{0949DEBE-12E7-4C38-9432-06490E022F86}.Debug 2019|x64.ActiveCfg = Debug 2019|Any CPU
		{0949DEBE-12E7-4C38-9432-06490E022F86}.Debug 2019|x64.Build.0 = Debug 2019|Any CPU
		{0949DEBE-12E7-4C38-9432-06490E022F86}.Debug 2020|Any CPU.ActiveCfg = 2020|x64
		{0949DEBE-12E7-4C38-9432-06490E022F86}.Debug 2020|Any CPU.Build.0 = 2020|x64
		{0949DEBE-12E7-4C38-9432-06490E022F86}.Debug 2020|x64.ActiveCfg = Debug 2020|Any CPU
		{0949DEBE-12E7-4C38-9432-06490E022F86}.Debug 2020|x64.Build.0 = Debug 2020|Any CPU
		{0949DEBE-12E7-4C38-9432-06490E022F86}.Debug 2021|Any CPU.ActiveCfg = 2021|x64
		{0949DEBE-12E7-4C38-9432-06490E022F86}.Debug 2021|Any CPU.Build.0 = 2021|x64
		{0949DEBE-12E7-4C38-9432-06490E022F86}.Debug 2021|x64.ActiveCfg = Debug 2021|Any CPU
		{0949DEBE-12E7-4C38-9432-06490E022F86}.Debug 2021|x64.Build.0 = Debug 2021|Any CPU
		{0949DEBE-12E7-4C38-9432-06490E022F86}.Debug 2022|Any CPU.ActiveCfg = 2022|x64
		{0949DEBE-12E7-4C38-9432-06490E022F86}.Debug 2022|Any CPU.Build.0 = 2022|x64
		{0949DEBE-12E7-4C38-9432-06490E022F86}.Debug 2022|x64.ActiveCfg = DEBUG 2019|x64
		{0949DEBE-12E7-4C38-9432-06490E022F86}.Debug 2022|x64.Build.0 = DEBUG 2019|x64
		{0949DEBE-12E7-4C38-9432-06490E022F86}.Debug 2023|Any CPU.ActiveCfg = 2023|x64
		{0949DEBE-12E7-4C38-9432-06490E022F86}.Debug 2023|Any CPU.Build.0 = 2023|x64
		{0949DEBE-12E7-4C38-9432-06490E022F86}.Debug 2023|x64.ActiveCfg = Debug 2020|Any CPU
		{0949DEBE-12E7-4C38-9432-06490E022F86}.Debug 2023|x64.Build.0 = Debug 2020|Any CPU
		{0949DEBE-12E7-4C38-9432-06490E022F86}.Release 2019|Any CPU.ActiveCfg = 2019|x64
		{0949DEBE-12E7-4C38-9432-06490E022F86}.Release 2019|x64.ActiveCfg = Release 2019|Any CPU
		{0949DEBE-12E7-4C38-9432-06490E022F86}.Release 2019|x64.Build.0 = Release 2019|Any CPU
		{0949DEBE-12E7-4C38-9432-06490E022F86}.Release 2020|Any CPU.ActiveCfg = 2019|x64
		{0949DEBE-12E7-4C38-9432-06490E022F86}.Release 2020|x64.ActiveCfg = Release 2020|Any CPU
		{0949DEBE-12E7-4C38-9432-06490E022F86}.Release 2020|x64.Build.0 = Release 2020|Any CPU
		{0949DEBE-12E7-4C38-9432-06490E022F86}.Release 2021|Any CPU.ActiveCfg = 2019|x64
		{0949DEBE-12E7-4C38-9432-06490E022F86}.Release 2021|x64.ActiveCfg = Release 2021|Any CPU
		{0949DEBE-12E7-4C38-9432-06490E022F86}.Release 2021|x64.Build.0 = Release 2021|Any CPU
		{0949DEBE-12E7-4C38-9432-06490E022F86}.Release 2022|Any CPU.ActiveCfg = 2019|x64
		{0949DEBE-12E7-4C38-9432-06490E022F86}.Release 2022|x64.ActiveCfg = Release 2022|Any CPU
		{0949DEBE-12E7-4C38-9432-06490E022F86}.Release 2022|x64.Build.0 = Release 2022|Any CPU
		{0949DEBE-12E7-4C38-9432-06490E022F86}.Release 2023|Any CPU.ActiveCfg = 2019|x64
		{0949DEBE-12E7-4C38-9432-06490E022F86}.Release 2023|x64.ActiveCfg = Release 2020|Any CPU
		{0949DEBE-12E7-4C38-9432-06490E022F86}.Release 2023|x64.Build.0 = Release 2020|Any CPU
	EndGlobalSection
	GlobalSection(SolutionProperties) = preSolution
		HideSolutionNode = FALSE
	EndGlobalSection
	GlobalSection(ExtensibilityGlobals) = postSolution
		SolutionGuid = {C5C35742-0A2E-4823-9FDC-0ED01FBBA1A5}
	EndGlobalSection
EndGlobal
